// !$*UTF8*$!
{
	archiveVersion = 1;
	classes = {
	};
	objectVersion = 55;
	objects = {

/* Begin PBXBuildFile section */
		181059CA2894192D001C366B /* Tweet.swift in Sources */ = {isa = PBXBuildFile; fileRef = 181059C92894192D001C366B /* Tweet.swift */; };
		181059CC28943B22001C366B /* TweetCell.swift in Sources */ = {isa = PBXBuildFile; fileRef = 181059CB28943B22001C366B /* TweetCell.swift */; };
		181059CE28943D50001C366B /* ProfileImageView.swift in Sources */ = {isa = PBXBuildFile; fileRef = 181059CD28943D50001C366B /* ProfileImageView.swift */; };
		181059D0289454CE001C366B /* TweetCellButton.swift in Sources */ = {isa = PBXBuildFile; fileRef = 181059CF289454CE001C366B /* TweetCellButton.swift */; };
		184A2C0C288AFD0C008918A8 /* Utilities.swift in Sources */ = {isa = PBXBuildFile; fileRef = 184A2C0B288AFD0C008918A8 /* Utilities.swift */; };
		184A2C0E288B066A008918A8 /* AuthButton.swift in Sources */ = {isa = PBXBuildFile; fileRef = 184A2C0D288B066A008918A8 /* AuthButton.swift */; };
		1855AAD6288FF833005E2967 /* UserService.swift in Sources */ = {isa = PBXBuildFile; fileRef = 1855AAD5288FF833005E2967 /* UserService.swift */; };
		1855AAD828901A7D005E2967 /* User.swift in Sources */ = {isa = PBXBuildFile; fileRef = 1855AAD728901A7D005E2967 /* User.swift */; };
		1861F5B42891D1AE00FF9840 /* UploadTweetController.swift in Sources */ = {isa = PBXBuildFile; fileRef = 1861F5B32891D1AE00FF9840 /* UploadTweetController.swift */; };
		1861F5BB289317B300FF9840 /* CaptionTextView.swift in Sources */ = {isa = PBXBuildFile; fileRef = 1861F5BA289317B300FF9840 /* CaptionTextView.swift */; };
		1861F5BF2893356B00FF9840 /* TweetService.swift in Sources */ = {isa = PBXBuildFile; fileRef = 1861F5BE2893356B00FF9840 /* TweetService.swift */; };
		1873E2A02884943B00BB7350 /* LoginController.swift in Sources */ = {isa = PBXBuildFile; fileRef = 1873E29F2884943B00BB7350 /* LoginController.swift */; };
		1873E2A2288494BB00BB7350 /* RegistrationController.swift in Sources */ = {isa = PBXBuildFile; fileRef = 1873E2A1288494BB00BB7350 /* RegistrationController.swift */; };
		18842AB72881F6CB0090FB2B /* AppDelegate.swift in Sources */ = {isa = PBXBuildFile; fileRef = 18842AB62881F6CB0090FB2B /* AppDelegate.swift */; };
		18842AB92881F6CB0090FB2B /* SceneDelegate.swift in Sources */ = {isa = PBXBuildFile; fileRef = 18842AB82881F6CB0090FB2B /* SceneDelegate.swift */; };
		18842AC02881F6CE0090FB2B /* Assets.xcassets in Resources */ = {isa = PBXBuildFile; fileRef = 18842ABF2881F6CE0090FB2B /* Assets.xcassets */; };
		18842AC32881F6CE0090FB2B /* LaunchScreen.storyboard in Resources */ = {isa = PBXBuildFile; fileRef = 18842AC12881F6CE0090FB2B /* LaunchScreen.storyboard */; };
		18842AD12881F8310090FB2B /* MainTabController.swift in Sources */ = {isa = PBXBuildFile; fileRef = 18842AD02881F8310090FB2B /* MainTabController.swift */; };
		18842AD32881FBCF0090FB2B /* FeedController.swift in Sources */ = {isa = PBXBuildFile; fileRef = 18842AD22881FBCF0090FB2B /* FeedController.swift */; };
		18842AD52881FC3B0090FB2B /* ExploreController.swift in Sources */ = {isa = PBXBuildFile; fileRef = 18842AD42881FC3B0090FB2B /* ExploreController.swift */; };
		18842AD72881FC640090FB2B /* NotificationsController.swift in Sources */ = {isa = PBXBuildFile; fileRef = 18842AD62881FC640090FB2B /* NotificationsController.swift */; };
		18842AD92881FC930090FB2B /* ConversationsController.swift in Sources */ = {isa = PBXBuildFile; fileRef = 18842AD82881FC930090FB2B /* ConversationsController.swift */; };
		1884B137288E66F50013BF4A /* GoogleService-Info.plist in Resources */ = {isa = PBXBuildFile; fileRef = 1884B136288E66F50013BF4A /* GoogleService-Info.plist */; };
		1884B139288E7EA00013BF4A /* Constants.swift in Sources */ = {isa = PBXBuildFile; fileRef = 1884B138288E7EA00013BF4A /* Constants.swift */; };
		1884B13B288F38550013BF4A /* AuthService.swift in Sources */ = {isa = PBXBuildFile; fileRef = 1884B13A288F38550013BF4A /* AuthService.swift */; };
		188EA11F2897011D000A5506 /* TweetViewModel.swift in Sources */ = {isa = PBXBuildFile; fileRef = 188EA11E2897011D000A5506 /* TweetViewModel.swift */; };
		18B4E44A2883564C00512912 /* Extentions.swift in Sources */ = {isa = PBXBuildFile; fileRef = 18B4E4492883564C00512912 /* Extentions.swift */; };
		18C0A4852897EB5600412EE9 /* ProfileController.swift in Sources */ = {isa = PBXBuildFile; fileRef = 18C0A4842897EB5600412EE9 /* ProfileController.swift */; };
		18C0A4872897F78F00412EE9 /* ProfileHeader.swift in Sources */ = {isa = PBXBuildFile; fileRef = 18C0A4862897F78F00412EE9 /* ProfileHeader.swift */; };
		18DCB5552884ADCA00B1B497 /* InputContainerView.swift in Sources */ = {isa = PBXBuildFile; fileRef = 18DCB5542884ADCA00B1B497 /* InputContainerView.swift */; };
		D0665D6187A37D3AB5D6E71F /* Pods_TwitterTutorial.framework in Frameworks */ = {isa = PBXBuildFile; fileRef = C24E755B8A13D212FDD82DF7 /* Pods_TwitterTutorial.framework */; };
/* End PBXBuildFile section */

/* Begin PBXFileReference section */
		181059C92894192D001C366B /* Tweet.swift */ = {isa = PBXFileReference; lastKnownFileType = sourcecode.swift; path = Tweet.swift; sourceTree = "<group>"; };
		181059CB28943B22001C366B /* TweetCell.swift */ = {isa = PBXFileReference; lastKnownFileType = sourcecode.swift; path = TweetCell.swift; sourceTree = "<group>"; };
		181059CD28943D50001C366B /* ProfileImageView.swift */ = {isa = PBXFileReference; lastKnownFileType = sourcecode.swift; path = ProfileImageView.swift; sourceTree = "<group>"; };
		181059CF289454CE001C366B /* TweetCellButton.swift */ = {isa = PBXFileReference; lastKnownFileType = sourcecode.swift; path = TweetCellButton.swift; sourceTree = "<group>"; };
		184A2C0B288AFD0C008918A8 /* Utilities.swift */ = {isa = PBXFileReference; lastKnownFileType = sourcecode.swift; path = Utilities.swift; sourceTree = "<group>"; };
		184A2C0D288B066A008918A8 /* AuthButton.swift */ = {isa = PBXFileReference; lastKnownFileType = sourcecode.swift; path = AuthButton.swift; sourceTree = "<group>"; };
		1855AAD5288FF833005E2967 /* UserService.swift */ = {isa = PBXFileReference; lastKnownFileType = sourcecode.swift; path = UserService.swift; sourceTree = "<group>"; };
		1855AAD728901A7D005E2967 /* User.swift */ = {isa = PBXFileReference; lastKnownFileType = sourcecode.swift; path = User.swift; sourceTree = "<group>"; };
		1861F5B32891D1AE00FF9840 /* UploadTweetController.swift */ = {isa = PBXFileReference; lastKnownFileType = sourcecode.swift; path = UploadTweetController.swift; sourceTree = "<group>"; };
		1861F5BA289317B300FF9840 /* CaptionTextView.swift */ = {isa = PBXFileReference; lastKnownFileType = sourcecode.swift; path = CaptionTextView.swift; sourceTree = "<group>"; };
		1861F5BE2893356B00FF9840 /* TweetService.swift */ = {isa = PBXFileReference; lastKnownFileType = sourcecode.swift; path = TweetService.swift; sourceTree = "<group>"; };
		1873E29F2884943B00BB7350 /* LoginController.swift */ = {isa = PBXFileReference; lastKnownFileType = sourcecode.swift; path = LoginController.swift; sourceTree = "<group>"; };
		1873E2A1288494BB00BB7350 /* RegistrationController.swift */ = {isa = PBXFileReference; lastKnownFileType = sourcecode.swift; path = RegistrationController.swift; sourceTree = "<group>"; };
		18842AB32881F6CB0090FB2B /* TwitterTutorial.app */ = {isa = PBXFileReference; explicitFileType = wrapper.application; includeInIndex = 0; path = TwitterTutorial.app; sourceTree = BUILT_PRODUCTS_DIR; };
		18842AB62881F6CB0090FB2B /* AppDelegate.swift */ = {isa = PBXFileReference; lastKnownFileType = sourcecode.swift; path = AppDelegate.swift; sourceTree = "<group>"; };
		18842AB82881F6CB0090FB2B /* SceneDelegate.swift */ = {isa = PBXFileReference; lastKnownFileType = sourcecode.swift; path = SceneDelegate.swift; sourceTree = "<group>"; };
		18842ABF2881F6CE0090FB2B /* Assets.xcassets */ = {isa = PBXFileReference; lastKnownFileType = folder.assetcatalog; path = Assets.xcassets; sourceTree = "<group>"; };
		18842AC22881F6CE0090FB2B /* Base */ = {isa = PBXFileReference; lastKnownFileType = file.storyboard; name = Base; path = Base.lproj/LaunchScreen.storyboard; sourceTree = "<group>"; };
		18842AC42881F6CE0090FB2B /* Info.plist */ = {isa = PBXFileReference; lastKnownFileType = text.plist.xml; path = Info.plist; sourceTree = "<group>"; };
		18842AD02881F8310090FB2B /* MainTabController.swift */ = {isa = PBXFileReference; lastKnownFileType = sourcecode.swift; path = MainTabController.swift; sourceTree = "<group>"; };
		18842AD22881FBCF0090FB2B /* FeedController.swift */ = {isa = PBXFileReference; lastKnownFileType = sourcecode.swift; path = FeedController.swift; sourceTree = "<group>"; };
		18842AD42881FC3B0090FB2B /* ExploreController.swift */ = {isa = PBXFileReference; lastKnownFileType = sourcecode.swift; path = ExploreController.swift; sourceTree = "<group>"; };
		18842AD62881FC640090FB2B /* NotificationsController.swift */ = {isa = PBXFileReference; lastKnownFileType = sourcecode.swift; path = NotificationsController.swift; sourceTree = "<group>"; };
		18842AD82881FC930090FB2B /* ConversationsController.swift */ = {isa = PBXFileReference; lastKnownFileType = sourcecode.swift; path = ConversationsController.swift; sourceTree = "<group>"; };
		1884B136288E66F50013BF4A /* GoogleService-Info.plist */ = {isa = PBXFileReference; fileEncoding = 4; lastKnownFileType = text.plist.xml; path = "GoogleService-Info.plist"; sourceTree = "<group>"; };
		1884B138288E7EA00013BF4A /* Constants.swift */ = {isa = PBXFileReference; lastKnownFileType = sourcecode.swift; path = Constants.swift; sourceTree = "<group>"; };
		1884B13A288F38550013BF4A /* AuthService.swift */ = {isa = PBXFileReference; lastKnownFileType = sourcecode.swift; path = AuthService.swift; sourceTree = "<group>"; };
		188EA11E2897011D000A5506 /* TweetViewModel.swift */ = {isa = PBXFileReference; lastKnownFileType = sourcecode.swift; path = TweetViewModel.swift; sourceTree = "<group>"; };
		18B4E4492883564C00512912 /* Extentions.swift */ = {isa = PBXFileReference; lastKnownFileType = sourcecode.swift; path = Extentions.swift; sourceTree = "<group>"; };
		18C0A4842897EB5600412EE9 /* ProfileController.swift */ = {isa = PBXFileReference; lastKnownFileType = sourcecode.swift; path = ProfileController.swift; sourceTree = "<group>"; };
		18C0A4862897F78F00412EE9 /* ProfileHeader.swift */ = {isa = PBXFileReference; lastKnownFileType = sourcecode.swift; path = ProfileHeader.swift; sourceTree = "<group>"; };
		18DCB5542884ADCA00B1B497 /* InputContainerView.swift */ = {isa = PBXFileReference; lastKnownFileType = sourcecode.swift; path = InputContainerView.swift; sourceTree = "<group>"; };
		2878F704E20B919272FF4BA6 /* Pods-TwitterTutorial.release.xcconfig */ = {isa = PBXFileReference; includeInIndex = 1; lastKnownFileType = text.xcconfig; name = "Pods-TwitterTutorial.release.xcconfig"; path = "Target Support Files/Pods-TwitterTutorial/Pods-TwitterTutorial.release.xcconfig"; sourceTree = "<group>"; };
		652FED57EE9078F4D885FDE7 /* Pods-TwitterTutorial.debug.xcconfig */ = {isa = PBXFileReference; includeInIndex = 1; lastKnownFileType = text.xcconfig; name = "Pods-TwitterTutorial.debug.xcconfig"; path = "Target Support Files/Pods-TwitterTutorial/Pods-TwitterTutorial.debug.xcconfig"; sourceTree = "<group>"; };
		C24E755B8A13D212FDD82DF7 /* Pods_TwitterTutorial.framework */ = {isa = PBXFileReference; explicitFileType = wrapper.framework; includeInIndex = 0; path = Pods_TwitterTutorial.framework; sourceTree = BUILT_PRODUCTS_DIR; };
/* End PBXFileReference section */

/* Begin PBXFrameworksBuildPhase section */
		18842AB02881F6CB0090FB2B /* Frameworks */ = {
			isa = PBXFrameworksBuildPhase;
			buildActionMask = 2147483647;
			files = (
				D0665D6187A37D3AB5D6E71F /* Pods_TwitterTutorial.framework in Frameworks */,
			);
			runOnlyForDeploymentPostprocessing = 0;
		};
/* End PBXFrameworksBuildPhase section */

/* Begin PBXGroup section */
		1873E29E288493EB00BB7350 /* Authentication */ = {
			isa = PBXGroup;
			children = (
				1873E29F2884943B00BB7350 /* LoginController.swift */,
				1873E2A1288494BB00BB7350 /* RegistrationController.swift */,
			);
			path = Authentication;
			sourceTree = "<group>";
		};
		18842AAA2881F6CB0090FB2B = {
			isa = PBXGroup;
			children = (
				18842AB52881F6CB0090FB2B /* TwitterTutorial */,
				18842AB42881F6CB0090FB2B /* Products */,
				EBD5433AC90E5A308A5707F0 /* Pods */,
				3104F5DBC41B5E7A735B603B /* Frameworks */,
			);
			sourceTree = "<group>";
		};
		18842AB42881F6CB0090FB2B /* Products */ = {
			isa = PBXGroup;
			children = (
				18842AB32881F6CB0090FB2B /* TwitterTutorial.app */,
			);
			name = Products;
			sourceTree = "<group>";
		};
		18842AB52881F6CB0090FB2B /* TwitterTutorial */ = {
			isa = PBXGroup;
			children = (
				18842ACF2881F75A0090FB2B /* Model */,
				18842ACE2881F7580090FB2B /* View */,
				18842ACD2881F7560090FB2B /* ViewModel */,
				18842ACC2881F7550090FB2B /* Controller */,
				18842ACB2881F7540090FB2B /* API */,
				18842ACA2881F73E0090FB2B /* Utils */,
				18842AB62881F6CB0090FB2B /* AppDelegate.swift */,
				18842AB82881F6CB0090FB2B /* SceneDelegate.swift */,
				18842ABF2881F6CE0090FB2B /* Assets.xcassets */,
				18842AC12881F6CE0090FB2B /* LaunchScreen.storyboard */,
				18842AC42881F6CE0090FB2B /* Info.plist */,
				1884B136288E66F50013BF4A /* GoogleService-Info.plist */,
			);
			path = TwitterTutorial;
			sourceTree = "<group>";
		};
		18842ACA2881F73E0090FB2B /* Utils */ = {
			isa = PBXGroup;
			children = (
				18B4E4492883564C00512912 /* Extentions.swift */,
				184A2C0B288AFD0C008918A8 /* Utilities.swift */,
				1884B138288E7EA00013BF4A /* Constants.swift */,
			);
			path = Utils;
			sourceTree = "<group>";
		};
		18842ACB2881F7540090FB2B /* API */ = {
			isa = PBXGroup;
			children = (
				1884B13A288F38550013BF4A /* AuthService.swift */,
				1861F5BE2893356B00FF9840 /* TweetService.swift */,
				1855AAD5288FF833005E2967 /* UserService.swift */,
			);
			path = API;
			sourceTree = "<group>";
		};
		18842ACC2881F7550090FB2B /* Controller */ = {
			isa = PBXGroup;
			children = (
				18842AD02881F8310090FB2B /* MainTabController.swift */,
				1873E29E288493EB00BB7350 /* Authentication */,
				18C0A4832897EB2F00412EE9 /* MainControllers */,
				1861F5B32891D1AE00FF9840 /* UploadTweetController.swift */,
				18C0A4842897EB5600412EE9 /* ProfileController.swift */,
			);
			path = Controller;
			sourceTree = "<group>";
		};
		18842ACD2881F7560090FB2B /* ViewModel */ = {
			isa = PBXGroup;
			children = (
				188EA11E2897011D000A5506 /* TweetViewModel.swift */,
			);
			path = ViewModel;
			sourceTree = "<group>";
		};
		18842ACE2881F7580090FB2B /* View */ = {
			isa = PBXGroup;
			children = (
				18DCB5542884ADCA00B1B497 /* InputContainerView.swift */,
				184A2C0D288B066A008918A8 /* AuthButton.swift */,
				1861F5BA289317B300FF9840 /* CaptionTextView.swift */,
				181059CD28943D50001C366B /* ProfileImageView.swift */,
				181059CB28943B22001C366B /* TweetCell.swift */,
				181059CF289454CE001C366B /* TweetCellButton.swift */,
				18C0A4862897F78F00412EE9 /* ProfileHeader.swift */,
			);
			path = View;
			sourceTree = "<group>";
		};
		18842ACF2881F75A0090FB2B /* Model */ = {
			isa = PBXGroup;
			children = (
				1855AAD728901A7D005E2967 /* User.swift */,
				181059C92894192D001C366B /* Tweet.swift */,
			);
			path = Model;
			sourceTree = "<group>";
		};
		18C0A4832897EB2F00412EE9 /* MainControllers */ = {
			isa = PBXGroup;
			children = (
				18842AD22881FBCF0090FB2B /* FeedController.swift */,
				18842AD42881FC3B0090FB2B /* ExploreController.swift */,
				18842AD62881FC640090FB2B /* NotificationsController.swift */,
				18842AD82881FC930090FB2B /* ConversationsController.swift */,
			);
			path = MainControllers;
			sourceTree = "<group>";
		};
		3104F5DBC41B5E7A735B603B /* Frameworks */ = {
			isa = PBXGroup;
			children = (
				C24E755B8A13D212FDD82DF7 /* Pods_TwitterTutorial.framework */,
			);
			name = Frameworks;
			sourceTree = "<group>";
		};
		EBD5433AC90E5A308A5707F0 /* Pods */ = {
			isa = PBXGroup;
			children = (
				652FED57EE9078F4D885FDE7 /* Pods-TwitterTutorial.debug.xcconfig */,
				2878F704E20B919272FF4BA6 /* Pods-TwitterTutorial.release.xcconfig */,
			);
			path = Pods;
			sourceTree = "<group>";
		};
/* End PBXGroup section */

/* Begin PBXNativeTarget section */
		18842AB22881F6CB0090FB2B /* TwitterTutorial */ = {
			isa = PBXNativeTarget;
			buildConfigurationList = 18842AC72881F6CE0090FB2B /* Build configuration list for PBXNativeTarget "TwitterTutorial" */;
			buildPhases = (
				58E134DB4389FA886A251AA3 /* [CP] Check Pods Manifest.lock */,
				18842AAF2881F6CB0090FB2B /* Sources */,
				18842AB02881F6CB0090FB2B /* Frameworks */,
				18842AB12881F6CB0090FB2B /* Resources */,
				C0C86F025E424D10362E5D0B /* [CP] Embed Pods Frameworks */,
			);
			buildRules = (
			);
			dependencies = (
			);
			name = TwitterTutorial;
			productName = TwitterTutorial;
			productReference = 18842AB32881F6CB0090FB2B /* TwitterTutorial.app */;
			productType = "com.apple.product-type.application";
		};
/* End PBXNativeTarget section */

/* Begin PBXProject section */
		18842AAB2881F6CB0090FB2B /* Project object */ = {
			isa = PBXProject;
			attributes = {
				BuildIndependentTargetsInParallel = 1;
				LastSwiftUpdateCheck = 1340;
				LastUpgradeCheck = 1340;
				TargetAttributes = {
					18842AB22881F6CB0090FB2B = {
						CreatedOnToolsVersion = 13.4;
					};
				};
			};
			buildConfigurationList = 18842AAE2881F6CB0090FB2B /* Build configuration list for PBXProject "TwitterTutorial" */;
			compatibilityVersion = "Xcode 13.0";
			developmentRegion = en;
			hasScannedForEncodings = 0;
			knownRegions = (
				en,
				Base,
			);
			mainGroup = 18842AAA2881F6CB0090FB2B;
			productRefGroup = 18842AB42881F6CB0090FB2B /* Products */;
			projectDirPath = "";
			projectRoot = "";
			targets = (
				18842AB22881F6CB0090FB2B /* TwitterTutorial */,
			);
		};
/* End PBXProject section */

/* Begin PBXResourcesBuildPhase section */
		18842AB12881F6CB0090FB2B /* Resources */ = {
			isa = PBXResourcesBuildPhase;
			buildActionMask = 2147483647;
			files = (
				18842AC32881F6CE0090FB2B /* LaunchScreen.storyboard in Resources */,
				1884B137288E66F50013BF4A /* GoogleService-Info.plist in Resources */,
				18842AC02881F6CE0090FB2B /* Assets.xcassets in Resources */,
			);
			runOnlyForDeploymentPostprocessing = 0;
		};
/* End PBXResourcesBuildPhase section */

/* Begin PBXShellScriptBuildPhase section */
		58E134DB4389FA886A251AA3 /* [CP] Check Pods Manifest.lock */ = {
			isa = PBXShellScriptBuildPhase;
			buildActionMask = 2147483647;
			files = (
			);
			inputFileListPaths = (
			);
			inputPaths = (
				"${PODS_PODFILE_DIR_PATH}/Podfile.lock",
				"${PODS_ROOT}/Manifest.lock",
			);
			name = "[CP] Check Pods Manifest.lock";
			outputFileListPaths = (
			);
			outputPaths = (
				"$(DERIVED_FILE_DIR)/Pods-TwitterTutorial-checkManifestLockResult.txt",
			);
			runOnlyForDeploymentPostprocessing = 0;
			shellPath = /bin/sh;
			shellScript = "diff \"${PODS_PODFILE_DIR_PATH}/Podfile.lock\" \"${PODS_ROOT}/Manifest.lock\" > /dev/null\nif [ $? != 0 ] ; then\n    # print error to STDERR\n    echo \"error: The sandbox is not in sync with the Podfile.lock. Run 'pod install' or update your CocoaPods installation.\" >&2\n    exit 1\nfi\n# This output is used by Xcode 'outputs' to avoid re-running this script phase.\necho \"SUCCESS\" > \"${SCRIPT_OUTPUT_FILE_0}\"\n";
			showEnvVarsInLog = 0;
		};
		C0C86F025E424D10362E5D0B /* [CP] Embed Pods Frameworks */ = {
			isa = PBXShellScriptBuildPhase;
			buildActionMask = 2147483647;
			files = (
			);
			inputFileListPaths = (
				"${PODS_ROOT}/Target Support Files/Pods-TwitterTutorial/Pods-TwitterTutorial-frameworks-${CONFIGURATION}-input-files.xcfilelist",
			);
			name = "[CP] Embed Pods Frameworks";
			outputFileListPaths = (
				"${PODS_ROOT}/Target Support Files/Pods-TwitterTutorial/Pods-TwitterTutorial-frameworks-${CONFIGURATION}-output-files.xcfilelist",
			);
			runOnlyForDeploymentPostprocessing = 0;
			shellPath = /bin/sh;
			shellScript = "\"${PODS_ROOT}/Target Support Files/Pods-TwitterTutorial/Pods-TwitterTutorial-frameworks.sh\"\n";
			showEnvVarsInLog = 0;
		};
/* End PBXShellScriptBuildPhase section */

/* Begin PBXSourcesBuildPhase section */
		18842AAF2881F6CB0090FB2B /* Sources */ = {
			isa = PBXSourcesBuildPhase;
			buildActionMask = 2147483647;
			files = (
				18842AD72881FC640090FB2B /* NotificationsController.swift in Sources */,
				18842AD92881FC930090FB2B /* ConversationsController.swift in Sources */,
				1884B13B288F38550013BF4A /* AuthService.swift in Sources */,
				181059CA2894192D001C366B /* Tweet.swift in Sources */,
				18842AB72881F6CB0090FB2B /* AppDelegate.swift in Sources */,
				18C0A4852897EB5600412EE9 /* ProfileController.swift in Sources */,
				18842AD52881FC3B0090FB2B /* ExploreController.swift in Sources */,
				1873E2A02884943B00BB7350 /* LoginController.swift in Sources */,
				18DCB5552884ADCA00B1B497 /* InputContainerView.swift in Sources */,
				1855AAD828901A7D005E2967 /* User.swift in Sources */,
				1861F5B42891D1AE00FF9840 /* UploadTweetController.swift in Sources */,
				184A2C0C288AFD0C008918A8 /* Utilities.swift in Sources */,
				18B4E44A2883564C00512912 /* Extentions.swift in Sources */,
				1861F5BB289317B300FF9840 /* CaptionTextView.swift in Sources */,
				181059D0289454CE001C366B /* TweetCellButton.swift in Sources */,
				18842AB92881F6CB0090FB2B /* SceneDelegate.swift in Sources */,
				18842AD12881F8310090FB2B /* MainTabController.swift in Sources */,
				188EA11F2897011D000A5506 /* TweetViewModel.swift in Sources */,
				181059CC28943B22001C366B /* TweetCell.swift in Sources */,
				181059CE28943D50001C366B /* ProfileImageView.swift in Sources */,
				1873E2A2288494BB00BB7350 /* RegistrationController.swift in Sources */,
				1855AAD6288FF833005E2967 /* UserService.swift in Sources */,
				1884B139288E7EA00013BF4A /* Constants.swift in Sources */,
				18842AD32881FBCF0090FB2B /* FeedController.swift in Sources */,
				184A2C0E288B066A008918A8 /* AuthButton.swift in Sources */,
				1861F5BF2893356B00FF9840 /* TweetService.swift in Sources */,
				18C0A4872897F78F00412EE9 /* ProfileHeader.swift in Sources */,
			);
			runOnlyForDeploymentPostprocessing = 0;
		};
/* End PBXSourcesBuildPhase section */

/* Begin PBXVariantGroup section */
		18842AC12881F6CE0090FB2B /* LaunchScreen.storyboard */ = {
			isa = PBXVariantGroup;
			children = (
				18842AC22881F6CE0090FB2B /* Base */,
			);
			name = LaunchScreen.storyboard;
			sourceTree = "<group>";
		};
/* End PBXVariantGroup section */

/* Begin XCBuildConfiguration section */
		18842AC52881F6CE0090FB2B /* Debug */ = {
			isa = XCBuildConfiguration;
			buildSettings = {
				ALWAYS_SEARCH_USER_PATHS = NO;
				CLANG_ANALYZER_NONNULL = YES;
				CLANG_ANALYZER_NUMBER_OBJECT_CONVERSION = YES_AGGRESSIVE;
				CLANG_CXX_LANGUAGE_STANDARD = "gnu++17";
				CLANG_ENABLE_MODULES = YES;
				CLANG_ENABLE_OBJC_ARC = YES;
				CLANG_ENABLE_OBJC_WEAK = YES;
				CLANG_WARN_BLOCK_CAPTURE_AUTORELEASING = YES;
				CLANG_WARN_BOOL_CONVERSION = YES;
				CLANG_WARN_COMMA = YES;
				CLANG_WARN_CONSTANT_CONVERSION = YES;
				CLANG_WARN_DEPRECATED_OBJC_IMPLEMENTATIONS = YES;
				CLANG_WARN_DIRECT_OBJC_ISA_USAGE = YES_ERROR;
				CLANG_WARN_DOCUMENTATION_COMMENTS = YES;
				CLANG_WARN_EMPTY_BODY = YES;
				CLANG_WARN_ENUM_CONVERSION = YES;
				CLANG_WARN_INFINITE_RECURSION = YES;
				CLANG_WARN_INT_CONVERSION = YES;
				CLANG_WARN_NON_LITERAL_NULL_CONVERSION = YES;
				CLANG_WARN_OBJC_IMPLICIT_RETAIN_SELF = YES;
				CLANG_WARN_OBJC_LITERAL_CONVERSION = YES;
				CLANG_WARN_OBJC_ROOT_CLASS = YES_ERROR;
				CLANG_WARN_QUOTED_INCLUDE_IN_FRAMEWORK_HEADER = YES;
				CLANG_WARN_RANGE_LOOP_ANALYSIS = YES;
				CLANG_WARN_STRICT_PROTOTYPES = YES;
				CLANG_WARN_SUSPICIOUS_MOVE = YES;
				CLANG_WARN_UNGUARDED_AVAILABILITY = YES_AGGRESSIVE;
				CLANG_WARN_UNREACHABLE_CODE = YES;
				CLANG_WARN__DUPLICATE_METHOD_MATCH = YES;
				COPY_PHASE_STRIP = NO;
				DEBUG_INFORMATION_FORMAT = dwarf;
				ENABLE_STRICT_OBJC_MSGSEND = YES;
				ENABLE_TESTABILITY = YES;
				GCC_C_LANGUAGE_STANDARD = gnu11;
				GCC_DYNAMIC_NO_PIC = NO;
				GCC_NO_COMMON_BLOCKS = YES;
				GCC_OPTIMIZATION_LEVEL = 0;
				GCC_PREPROCESSOR_DEFINITIONS = (
					"DEBUG=1",
					"$(inherited)",
				);
				GCC_WARN_64_TO_32_BIT_CONVERSION = YES;
				GCC_WARN_ABOUT_RETURN_TYPE = YES_ERROR;
				GCC_WARN_UNDECLARED_SELECTOR = YES;
				GCC_WARN_UNINITIALIZED_AUTOS = YES_AGGRESSIVE;
				GCC_WARN_UNUSED_FUNCTION = YES;
				GCC_WARN_UNUSED_VARIABLE = YES;
				IPHONEOS_DEPLOYMENT_TARGET = 15.5;
				MTL_ENABLE_DEBUG_INFO = INCLUDE_SOURCE;
				MTL_FAST_MATH = YES;
				ONLY_ACTIVE_ARCH = YES;
				SDKROOT = iphoneos;
				SWIFT_ACTIVE_COMPILATION_CONDITIONS = DEBUG;
				SWIFT_OPTIMIZATION_LEVEL = "-Onone";
			};
			name = Debug;
		};
		18842AC62881F6CE0090FB2B /* Release */ = {
			isa = XCBuildConfiguration;
			buildSettings = {
				ALWAYS_SEARCH_USER_PATHS = NO;
				CLANG_ANALYZER_NONNULL = YES;
				CLANG_ANALYZER_NUMBER_OBJECT_CONVERSION = YES_AGGRESSIVE;
				CLANG_CXX_LANGUAGE_STANDARD = "gnu++17";
				CLANG_ENABLE_MODULES = YES;
				CLANG_ENABLE_OBJC_ARC = YES;
				CLANG_ENABLE_OBJC_WEAK = YES;
				CLANG_WARN_BLOCK_CAPTURE_AUTORELEASING = YES;
				CLANG_WARN_BOOL_CONVERSION = YES;
				CLANG_WARN_COMMA = YES;
				CLANG_WARN_CONSTANT_CONVERSION = YES;
				CLANG_WARN_DEPRECATED_OBJC_IMPLEMENTATIONS = YES;
				CLANG_WARN_DIRECT_OBJC_ISA_USAGE = YES_ERROR;
				CLANG_WARN_DOCUMENTATION_COMMENTS = YES;
				CLANG_WARN_EMPTY_BODY = YES;
				CLANG_WARN_ENUM_CONVERSION = YES;
				CLANG_WARN_INFINITE_RECURSION = YES;
				CLANG_WARN_INT_CONVERSION = YES;
				CLANG_WARN_NON_LITERAL_NULL_CONVERSION = YES;
				CLANG_WARN_OBJC_IMPLICIT_RETAIN_SELF = YES;
				CLANG_WARN_OBJC_LITERAL_CONVERSION = YES;
				CLANG_WARN_OBJC_ROOT_CLASS = YES_ERROR;
				CLANG_WARN_QUOTED_INCLUDE_IN_FRAMEWORK_HEADER = YES;
				CLANG_WARN_RANGE_LOOP_ANALYSIS = YES;
				CLANG_WARN_STRICT_PROTOTYPES = YES;
				CLANG_WARN_SUSPICIOUS_MOVE = YES;
				CLANG_WARN_UNGUARDED_AVAILABILITY = YES_AGGRESSIVE;
				CLANG_WARN_UNREACHABLE_CODE = YES;
				CLANG_WARN__DUPLICATE_METHOD_MATCH = YES;
				COPY_PHASE_STRIP = NO;
				DEBUG_INFORMATION_FORMAT = "dwarf-with-dsym";
				ENABLE_NS_ASSERTIONS = NO;
				ENABLE_STRICT_OBJC_MSGSEND = YES;
				GCC_C_LANGUAGE_STANDARD = gnu11;
				GCC_NO_COMMON_BLOCKS = YES;
				GCC_WARN_64_TO_32_BIT_CONVERSION = YES;
				GCC_WARN_ABOUT_RETURN_TYPE = YES_ERROR;
				GCC_WARN_UNDECLARED_SELECTOR = YES;
				GCC_WARN_UNINITIALIZED_AUTOS = YES_AGGRESSIVE;
				GCC_WARN_UNUSED_FUNCTION = YES;
				GCC_WARN_UNUSED_VARIABLE = YES;
				IPHONEOS_DEPLOYMENT_TARGET = 15.5;
				MTL_ENABLE_DEBUG_INFO = NO;
				MTL_FAST_MATH = YES;
				SDKROOT = iphoneos;
				SWIFT_COMPILATION_MODE = wholemodule;
				SWIFT_OPTIMIZATION_LEVEL = "-O";
				VALIDATE_PRODUCT = YES;
			};
			name = Release;
		};
		18842AC82881F6CE0090FB2B /* Debug */ = {
			isa = XCBuildConfiguration;
			baseConfigurationReference = 652FED57EE9078F4D885FDE7 /* Pods-TwitterTutorial.debug.xcconfig */;
			buildSettings = {
				ASSETCATALOG_COMPILER_APPICON_NAME = AppIcon;
				CODE_SIGN_STYLE = Automatic;
				CURRENT_PROJECT_VERSION = 1;
				DEVELOPMENT_TEAM = 7L552PX75S;
				GENERATE_INFOPLIST_FILE = YES;
				INFOPLIST_FILE = TwitterTutorial/Info.plist;
				INFOPLIST_KEY_UIApplicationSupportsIndirectInputEvents = YES;
				INFOPLIST_KEY_UILaunchStoryboardName = LaunchScreen;
				INFOPLIST_KEY_UISupportedInterfaceOrientations = UIInterfaceOrientationPortrait;
				INFOPLIST_KEY_UISupportedInterfaceOrientations_iPad = "UIInterfaceOrientationPortrait UIInterfaceOrientationPortraitUpsideDown UIInterfaceOrientationLandscapeLeft UIInterfaceOrientationLandscapeRight";
				INFOPLIST_KEY_UISupportedInterfaceOrientations_iPhone = "UIInterfaceOrientationPortrait UIInterfaceOrientationLandscapeLeft UIInterfaceOrientationLandscapeRight";
				LD_RUNPATH_SEARCH_PATHS = (
					"$(inherited)",
					"@executable_path/Frameworks",
				);
				MARKETING_VERSION = 1.0;
				PRODUCT_BUNDLE_IDENTIFIER = Project.TwitterTutorial;
				PRODUCT_NAME = "$(TARGET_NAME)";
				SWIFT_EMIT_LOC_STRINGS = YES;
				SWIFT_VERSION = 5.0;
				TARGETED_DEVICE_FAMILY = 1;
			};
			name = Debug;
		};
		18842AC92881F6CE0090FB2B /* Release */ = {
			isa = XCBuildConfiguration;
			baseConfigurationReference = 2878F704E20B919272FF4BA6 /* Pods-TwitterTutorial.release.xcconfig */;
			buildSettings = {
				ASSETCATALOG_COMPILER_APPICON_NAME = AppIcon;
				CODE_SIGN_STYLE = Automatic;
				CURRENT_PROJECT_VERSION = 1;
				DEVELOPMENT_TEAM = 7L552PX75S;
				GENERATE_INFOPLIST_FILE = YES;
				INFOPLIST_FILE = TwitterTutorial/Info.plist;
				INFOPLIST_KEY_UIApplicationSupportsIndirectInputEvents = YES;
				INFOPLIST_KEY_UILaunchStoryboardName = LaunchScreen;
				INFOPLIST_KEY_UISupportedInterfaceOrientations = UIInterfaceOrientationPortrait;
				INFOPLIST_KEY_UISupportedInterfaceOrientations_iPad = "UIInterfaceOrientationPortrait UIInterfaceOrientationPortraitUpsideDown UIInterfaceOrientationLandscapeLeft UIInterfaceOrientationLandscapeRight";
				INFOPLIST_KEY_UISupportedInterfaceOrientations_iPhone = "UIInterfaceOrientationPortrait UIInterfaceOrientationLandscapeLeft UIInterfaceOrientationLandscapeRight";
				LD_RUNPATH_SEARCH_PATHS = (
					"$(inherited)",
					"@executable_path/Frameworks",
				);
				MARKETING_VERSION = 1.0;
				PRODUCT_BUNDLE_IDENTIFIER = Project.TwitterTutorial;
				PRODUCT_NAME = "$(TARGET_NAME)";
				SWIFT_EMIT_LOC_STRINGS = YES;
				SWIFT_VERSION = 5.0;
				TARGETED_DEVICE_FAMILY = 1;
			};
			name = Release;
		};
/* End XCBuildConfiguration section */

/* Begin XCConfigurationList section */
		18842AAE2881F6CB0090FB2B /* Build configuration list for PBXProject "TwitterTutorial" */ = {
			isa = XCConfigurationList;
			buildConfigurations = (
				18842AC52881F6CE0090FB2B /* Debug */,
				18842AC62881F6CE0090FB2B /* Release */,
			);
			defaultConfigurationIsVisible = 0;
			defaultConfigurationName = Release;
		};
		18842AC72881F6CE0090FB2B /* Build configuration list for PBXNativeTarget "TwitterTutorial" */ = {
			isa = XCConfigurationList;
			buildConfigurations = (
				18842AC82881F6CE0090FB2B /* Debug */,
				18842AC92881F6CE0090FB2B /* Release */,
			);
			defaultConfigurationIsVisible = 0;
			defaultConfigurationName = Release;
		};
/* End XCConfigurationList section */
	};
	rootObject = 18842AAB2881F6CB0090FB2B /* Project object */;
}
